
Microsoft Visual Studio Solution File, Format Version 12.00
# Visual Studio Version 17
VisualStudioVersion = 17.9.34701.34
MinimumVisualStudioVersion = 10.0.40219.1
Project("{FAE04EC0-301F-11D3-BF4B-00C04F79EFBC}") = "Funcionario", "Funcionario\Funcionario.csproj", "{6F3C79A7-FD0E-4FB1-A805-D85583109559}"
EndProject
Global
	GlobalSection(SolutionConfigurationPlatforms) = preSolution
		Debug|Any CPU = Debug|Any CPU
		Release|Any CPU = Release|Any CPU
	EndGlobalSection
	GlobalSection(ProjectConfigurationPlatforms) = postSolution
		{6F3C79A7-FD0E-4FB1-A805-D85583109559}.Debug|Any CPU.ActiveCfg = Debug|Any CPU
		{6F3C79A7-FD0E-4FB1-A805-D85583109559}.Debug|Any CPU.Build.0 = Debug|Any CPU
		{6F3C79A7-FD0E-4FB1-A805-D85583109559}.Release|Any CPU.ActiveCfg = Release|Any CPU
		{6F3C79A7-FD0E-4FB1-A805-D85583109559}.Release|Any CPU.Build.0 = Release|Any CPU
	EndGlobalSection
	GlobalSection(SolutionProperties) = preSolution
		HideSolutionNode = FALSE
	EndGlobalSection
	GlobalSection(ExtensibilityGlobals) = postSolution
		SolutionGuid = {ED4A5956-F3DE-49DC-A181-09CDE228D015}
	EndGlobalSection
EndGlobal
