
Microsoft Visual Studio Solution File, Format Version 12.00
# Visual Studio Version 17
VisualStudioVersion = 17.9.34701.34
MinimumVisualStudioVersion = 10.0.40219.1
Project("{FAE04EC0-301F-11D3-BF4B-00C04F79EFBC}") = "Biblioteca", "Biblioteca\Biblioteca.csproj", "{D6B39B4C-3977-4B93-915A-345CB83154EC}"
EndProject
Global
	GlobalSection(SolutionConfigurationPlatforms) = preSolution
		Debug|Any CPU = Debug|Any CPU
		Release|Any CPU = Release|Any CPU
	EndGlobalSection
	GlobalSection(ProjectConfigurationPlatforms) = postSolution
		{D6B39B4C-3977-4B93-915A-345CB83154EC}.Debug|Any CPU.ActiveCfg = Debug|Any CPU
		{D6B39B4C-3977-4B93-915A-345CB83154EC}.Debug|Any CPU.Build.0 = Debug|Any CPU
		{D6B39B4C-3977-4B93-915A-345CB83154EC}.Release|Any CPU.ActiveCfg = Release|Any CPU
		{D6B39B4C-3977-4B93-915A-345CB83154EC}.Release|Any CPU.Build.0 = Release|Any CPU
	EndGlobalSection
	GlobalSection(SolutionProperties) = preSolution
		HideSolutionNode = FALSE
	EndGlobalSection
	GlobalSection(ExtensibilityGlobals) = postSolution
		SolutionGuid = {FB39D243-37A7-4D94-A31B-47899F807AEB}
	EndGlobalSection
EndGlobal
